
Microsoft Visual Studio Solution File, Format Version 12.00
# Visual Studio Version 16
VisualStudioVersion = 16.0.30011.22
MinimumVisualStudioVersion = 10.0.40219.1
Project("{FAE04EC0-301F-11D3-BF4B-00C04F79EFBC}") = "FictionalCompany", "FictionalCompany\FictionalCompany.csproj", "{456977FF-25DD-4AF9-B976-31D4B94D148E}"
EndProject
Global
	GlobalSection(SolutionConfigurationPlatforms) = preSolution
		Debug|Any CPU = Debug|Any CPU
		Release|Any CPU = Release|Any CPU
	EndGlobalSection
	GlobalSection(ProjectConfigurationPlatforms) = postSolution
		{456977FF-25DD-4AF9-B976-31D4B94D148E}.Debug|Any CPU.ActiveCfg = Debug|Any CPU
		{456977FF-25DD-4AF9-B976-31D4B94D148E}.Debug|Any CPU.Build.0 = Debug|Any CPU
		{456977FF-25DD-4AF9-B976-31D4B94D148E}.Release|Any CPU.ActiveCfg = Release|Any CPU
		{456977FF-25DD-4AF9-B976-31D4B94D148E}.Release|Any CPU.Build.0 = Release|Any CPU
	EndGlobalSection
	GlobalSection(SolutionProperties) = preSolution
		HideSolutionNode = FALSE
	EndGlobalSection
	GlobalSection(ExtensibilityGlobals) = postSolution
		SolutionGuid = {7CE61D7A-5B03-43F1-A7A0-FF114F15EF11}
	EndGlobalSection
EndGlobal
